
Microsoft Visual Studio Solution File, Format Version 12.00
Project("{FAE04EC0-301F-11D3-BF4B-00C04F79EFBC}") = "ComicEngine.Common", "ComicEngine.Common\ComicEngine.Common.csproj", "{D4BF3569-8E27-473D-BDFA-1B0BB253D18F}"
EndProject
Project("{FAE04EC0-301F-11D3-BF4B-00C04F79EFBC}") = "ComicEngine.Data", "ComicEngine.Data\ComicEngine.Data.csproj", "{22631776-9E63-44F1-B482-8069403F6296}"
EndProject
Project("{FAE04EC0-301F-11D3-BF4B-00C04F79EFBC}") = "ComicEngine.Data.MsSql", "ComicEngine.Data.MsSql\ComicEngine.Data.MsSql.csproj", "{17CBFCEF-5FF0-4E79-9482-6E221A4D0CE2}"
EndProject
Project("{FAE04EC0-301F-11D3-BF4B-00C04F79EFBC}") = "ComicEngine.Graphql", "ComicEngine.Graphql\ComicEngine.Graphql.csproj", "{613E8B09-9C42-4693-B0E3-ACB58C9DE142}"
EndProject
Project("{FAE04EC0-301F-11D3-BF4B-00C04F79EFBC}") = "ComicEngine.Api.Client", "ComicEngine.Api.Client\ComicEngine.Api.Client.csproj", "{DA05242E-3579-4B6F-BCFA-096A85231EE2}"
EndProject
Project("{FAE04EC0-301F-11D3-BF4B-00C04F79EFBC}") = "ComicEngine.Api", "ComicEngine.Api\ComicEngine.Api.csproj", "{35102586-3FA1-469B-BE72-7E4D8C9E69BA}"
EndProject
Project("{FAE04EC0-301F-11D3-BF4B-00C04F79EFBC}") = "ComicEngine.Identity", "ComicEngine.Identity\ComicEngine.Identity.csproj", "{6CB834BD-2F91-4D3D-B49C-3E0E72456215}"
EndProject
Project("{FAE04EC0-301F-11D3-BF4B-00C04F79EFBC}") = "ComicEngine.Identity.Client", "ComicEngine.Identity.Client\ComicEngine.Identity.Client.csproj", "{2B455E11-47D7-4614-A68C-9DABEE818BF6}"
EndProject
Project("{2150E333-8FDC-42A3-9474-1A3956D46DE8}") = "Clients", "Clients", "{00FA3F00-8861-4BF4-B170-59062A06CFA3}"
EndProject
Project("{2150E333-8FDC-42A3-9474-1A3956D46DE8}") = "Servers", "Servers", "{551974A3-B3C6-4B53-BC0D-959282D92224}"
EndProject
Project("{2150E333-8FDC-42A3-9474-1A3956D46DE8}") = "Common", "Common", "{03033901-30DB-4EF3-9B9D-9DB2252EDFA4}"
EndProject
Project("{2150E333-8FDC-42A3-9474-1A3956D46DE8}") = "Data", "Data", "{73F2BAA6-3016-4A8D-94B6-C30AA9739223}"
EndProject
Project("{FAE04EC0-301F-11D3-BF4B-00C04F79EFBC}") = "ComicEngine.Data.MongoDb", "ComicEngine.Data.MongoDb\ComicEngine.Data.MongoDb.csproj", "{AD6691F2-455E-4607-A431-D5431C7A3D9F}"
EndProject
Project("{FAE04EC0-301F-11D3-BF4B-00C04F79EFBC}") = "ComicEngine.State", "ComicEngine.State\ComicEngine.State.csproj", "{E19E064A-FC0E-4213-BF18-D98548C77845}"
EndProject
Global
	GlobalSection(SolutionConfigurationPlatforms) = preSolution
		Debug|Any CPU = Debug|Any CPU
		Release|Any CPU = Release|Any CPU
	EndGlobalSection
	GlobalSection(ProjectConfigurationPlatforms) = postSolution
		{D4BF3569-8E27-473D-BDFA-1B0BB253D18F}.Debug|Any CPU.ActiveCfg = Debug|Any CPU
		{D4BF3569-8E27-473D-BDFA-1B0BB253D18F}.Debug|Any CPU.Build.0 = Debug|Any CPU
		{D4BF3569-8E27-473D-BDFA-1B0BB253D18F}.Release|Any CPU.ActiveCfg = Release|Any CPU
		{D4BF3569-8E27-473D-BDFA-1B0BB253D18F}.Release|Any CPU.Build.0 = Release|Any CPU
		{22631776-9E63-44F1-B482-8069403F6296}.Debug|Any CPU.ActiveCfg = Debug|Any CPU
		{22631776-9E63-44F1-B482-8069403F6296}.Debug|Any CPU.Build.0 = Debug|Any CPU
		{22631776-9E63-44F1-B482-8069403F6296}.Release|Any CPU.ActiveCfg = Release|Any CPU
		{22631776-9E63-44F1-B482-8069403F6296}.Release|Any CPU.Build.0 = Release|Any CPU
		{17CBFCEF-5FF0-4E79-9482-6E221A4D0CE2}.Debug|Any CPU.ActiveCfg = Debug|Any CPU
		{17CBFCEF-5FF0-4E79-9482-6E221A4D0CE2}.Debug|Any CPU.Build.0 = Debug|Any CPU
		{17CBFCEF-5FF0-4E79-9482-6E221A4D0CE2}.Release|Any CPU.ActiveCfg = Release|Any CPU
		{17CBFCEF-5FF0-4E79-9482-6E221A4D0CE2}.Release|Any CPU.Build.0 = Release|Any CPU
		{613E8B09-9C42-4693-B0E3-ACB58C9DE142}.Debug|Any CPU.ActiveCfg = Debug|Any CPU
		{613E8B09-9C42-4693-B0E3-ACB58C9DE142}.Debug|Any CPU.Build.0 = Debug|Any CPU
		{613E8B09-9C42-4693-B0E3-ACB58C9DE142}.Release|Any CPU.ActiveCfg = Release|Any CPU
		{613E8B09-9C42-4693-B0E3-ACB58C9DE142}.Release|Any CPU.Build.0 = Release|Any CPU
		{DA05242E-3579-4B6F-BCFA-096A85231EE2}.Debug|Any CPU.ActiveCfg = Debug|Any CPU
		{DA05242E-3579-4B6F-BCFA-096A85231EE2}.Debug|Any CPU.Build.0 = Debug|Any CPU
		{DA05242E-3579-4B6F-BCFA-096A85231EE2}.Release|Any CPU.ActiveCfg = Release|Any CPU
		{DA05242E-3579-4B6F-BCFA-096A85231EE2}.Release|Any CPU.Build.0 = Release|Any CPU
		{35102586-3FA1-469B-BE72-7E4D8C9E69BA}.Debug|Any CPU.ActiveCfg = Debug|Any CPU
		{35102586-3FA1-469B-BE72-7E4D8C9E69BA}.Debug|Any CPU.Build.0 = Debug|Any CPU
		{35102586-3FA1-469B-BE72-7E4D8C9E69BA}.Release|Any CPU.ActiveCfg = Release|Any CPU
		{35102586-3FA1-469B-BE72-7E4D8C9E69BA}.Release|Any CPU.Build.0 = Release|Any CPU
		{6CB834BD-2F91-4D3D-B49C-3E0E72456215}.Debug|Any CPU.ActiveCfg = Debug|Any CPU
		{6CB834BD-2F91-4D3D-B49C-3E0E72456215}.Debug|Any CPU.Build.0 = Debug|Any CPU
		{6CB834BD-2F91-4D3D-B49C-3E0E72456215}.Release|Any CPU.ActiveCfg = Release|Any CPU
		{6CB834BD-2F91-4D3D-B49C-3E0E72456215}.Release|Any CPU.Build.0 = Release|Any CPU
		{2B455E11-47D7-4614-A68C-9DABEE818BF6}.Debug|Any CPU.ActiveCfg = Debug|Any CPU
		{2B455E11-47D7-4614-A68C-9DABEE818BF6}.Debug|Any CPU.Build.0 = Debug|Any CPU
		{2B455E11-47D7-4614-A68C-9DABEE818BF6}.Release|Any CPU.ActiveCfg = Release|Any CPU
		{2B455E11-47D7-4614-A68C-9DABEE818BF6}.Release|Any CPU.Build.0 = Release|Any CPU
		{AD6691F2-455E-4607-A431-D5431C7A3D9F}.Debug|Any CPU.ActiveCfg = Debug|Any CPU
		{AD6691F2-455E-4607-A431-D5431C7A3D9F}.Debug|Any CPU.Build.0 = Debug|Any CPU
		{AD6691F2-455E-4607-A431-D5431C7A3D9F}.Release|Any CPU.ActiveCfg = Release|Any CPU
		{AD6691F2-455E-4607-A431-D5431C7A3D9F}.Release|Any CPU.Build.0 = Release|Any CPU
		{E19E064A-FC0E-4213-BF18-D98548C77845}.Debug|Any CPU.ActiveCfg = Debug|Any CPU
		{E19E064A-FC0E-4213-BF18-D98548C77845}.Debug|Any CPU.Build.0 = Debug|Any CPU
		{E19E064A-FC0E-4213-BF18-D98548C77845}.Release|Any CPU.ActiveCfg = Release|Any CPU
		{E19E064A-FC0E-4213-BF18-D98548C77845}.Release|Any CPU.Build.0 = Release|Any CPU
	EndGlobalSection
	GlobalSection(NestedProjects) = preSolution
		{DA05242E-3579-4B6F-BCFA-096A85231EE2} = {00FA3F00-8861-4BF4-B170-59062A06CFA3}
		{2B455E11-47D7-4614-A68C-9DABEE818BF6} = {00FA3F00-8861-4BF4-B170-59062A06CFA3}
		{6CB834BD-2F91-4D3D-B49C-3E0E72456215} = {551974A3-B3C6-4B53-BC0D-959282D92224}
		{613E8B09-9C42-4693-B0E3-ACB58C9DE142} = {551974A3-B3C6-4B53-BC0D-959282D92224}
		{35102586-3FA1-469B-BE72-7E4D8C9E69BA} = {551974A3-B3C6-4B53-BC0D-959282D92224}
		{D4BF3569-8E27-473D-BDFA-1B0BB253D18F} = {03033901-30DB-4EF3-9B9D-9DB2252EDFA4}
		{22631776-9E63-44F1-B482-8069403F6296} = {73F2BAA6-3016-4A8D-94B6-C30AA9739223}
		{17CBFCEF-5FF0-4E79-9482-6E221A4D0CE2} = {73F2BAA6-3016-4A8D-94B6-C30AA9739223}
		{AD6691F2-455E-4607-A431-D5431C7A3D9F} = {73F2BAA6-3016-4A8D-94B6-C30AA9739223}
		{E19E064A-FC0E-4213-BF18-D98548C77845} = {03033901-30DB-4EF3-9B9D-9DB2252EDFA4}
	EndGlobalSection
EndGlobal
